
Microsoft Visual Studio Solution File, Format Version 12.00
# Visual Studio Version 16
VisualStudioVersion = 16.0.29613.14
MinimumVisualStudioVersion = 10.0.40219.1
Project("{FAE04EC0-301F-11D3-BF4B-00C04F79EFBC}") = "dataBase", "dataBase\dataBase.csproj", "{D1B35AA7-4368-4C78-A9A5-BDE08E00E8E1}"
EndProject
Global
	GlobalSection(SolutionConfigurationPlatforms) = preSolution
		Debug|Any CPU = Debug|Any CPU
		Release|Any CPU = Release|Any CPU
	EndGlobalSection
	GlobalSection(ProjectConfigurationPlatforms) = postSolution
		{D1B35AA7-4368-4C78-A9A5-BDE08E00E8E1}.Debug|Any CPU.ActiveCfg = Debug|Any CPU
		{D1B35AA7-4368-4C78-A9A5-BDE08E00E8E1}.Debug|Any CPU.Build.0 = Debug|Any CPU
		{D1B35AA7-4368-4C78-A9A5-BDE08E00E8E1}.Release|Any CPU.ActiveCfg = Release|Any CPU
		{D1B35AA7-4368-4C78-A9A5-BDE08E00E8E1}.Release|Any CPU.Build.0 = Release|Any CPU
	EndGlobalSection
	GlobalSection(SolutionProperties) = preSolution
		HideSolutionNode = FALSE
	EndGlobalSection
	GlobalSection(ExtensibilityGlobals) = postSolution
		SolutionGuid = {76DF4FB3-14F1-4126-BB15-F62A9B299E8C}
	EndGlobalSection
EndGlobal
